
Microsoft Visual Studio Solution File, Format Version 12.00
# Visual Studio Version 17
VisualStudioVersion = 17.10.34825.169
MinimumVisualStudioVersion = 10.0.40219.1
Project("{FAE04EC0-301F-11D3-BF4B-00C04F79EFBC}") = "EntityFramework", "EntityFramework.csproj", "{3746073E-013D-43B1-B757-4967B5E6753B}"
EndProject
Global
	GlobalSection(SolutionConfigurationPlatforms) = preSolution
		Debug|Any CPU = Debug|Any CPU
		Release|Any CPU = Release|Any CPU
	EndGlobalSection
	GlobalSection(ProjectConfigurationPlatforms) = postSolution
		{3746073E-013D-43B1-B757-4967B5E6753B}.Debug|Any CPU.ActiveCfg = Debug|Any CPU
		{3746073E-013D-43B1-B757-4967B5E6753B}.Debug|Any CPU.Build.0 = Debug|Any CPU
		{3746073E-013D-43B1-B757-4967B5E6753B}.Release|Any CPU.ActiveCfg = Release|Any CPU
		{3746073E-013D-43B1-B757-4967B5E6753B}.Release|Any CPU.Build.0 = Release|Any CPU
	EndGlobalSection
	GlobalSection(SolutionProperties) = preSolution
		HideSolutionNode = FALSE
	EndGlobalSection
	GlobalSection(ExtensibilityGlobals) = postSolution
		SolutionGuid = {4458B144-20F6-48C9-8EC5-8ACEA5170C71}
	EndGlobalSection
EndGlobal
